
Microsoft Visual Studio Solution File, Format Version 12.00
# Visual Studio 15
VisualStudioVersion = 15.0.28307.645
MinimumVisualStudioVersion = 10.0.40219.1
Project("{8BC9CEB8-8B4A-11D0-8D11-00A0C91BC942}") = "ExportTool", "ExportTool.vcxproj", "{A79E1CF1-3E62-4AD7-A5DF-6E1168CA03A3}"
EndProject
Global
	GlobalSection(SolutionConfigurationPlatforms) = preSolution
		Debug|x64 = Debug|x64
		Debug|x86 = Debug|x86
		Release|x64 = Release|x64
		Release|x86 = Release|x86
	EndGlobalSection
	GlobalSection(ProjectConfigurationPlatforms) = postSolution
		{A79E1CF1-3E62-4AD7-A5DF-6E1168CA03A3}.Debug|x64.ActiveCfg = Debug|x64
		{A79E1CF1-3E62-4AD7-A5DF-6E1168CA03A3}.Debug|x64.Build.0 = Debug|x64
		{A79E1CF1-3E62-4AD7-A5DF-6E1168CA03A3}.Debug|x86.ActiveCfg = Debug|Win32
		{A79E1CF1-3E62-4AD7-A5DF-6E1168CA03A3}.Debug|x86.Build.0 = Debug|Win32
		{A79E1CF1-3E62-4AD7-A5DF-6E1168CA03A3}.Release|x64.ActiveCfg = Release|x64
		{A79E1CF1-3E62-4AD7-A5DF-6E1168CA03A3}.Release|x64.Build.0 = Release|x64
		{A79E1CF1-3E62-4AD7-A5DF-6E1168CA03A3}.Release|x86.ActiveCfg = Release|Win32
		{A79E1CF1-3E62-4AD7-A5DF-6E1168CA03A3}.Release|x86.Build.0 = Release|Win32
	EndGlobalSection
	GlobalSection(SolutionProperties) = preSolution
		HideSolutionNode = FALSE
	EndGlobalSection
	GlobalSection(ExtensibilityGlobals) = postSolution
		SolutionGuid = {80C7865E-3919-4ACD-9295-8C148F640F91}
	EndGlobalSection
EndGlobal
